
Microsoft Visual Studio Solution File, Format Version 12.00
# Visual Studio Version 17
VisualStudioVersion = 17.14.37012.4 d17.14
MinimumVisualStudioVersion = 10.0.40219.1
Project("{FAE04EC0-301F-11D3-BF4B-00C04F79EFBC}") = "DicEx", "DicEx\DicEx.csproj", "{2B10DC6C-7CC2-4315-96EF-F43F03D7254E}"
EndProject
Global
	GlobalSection(SolutionConfigurationPlatforms) = preSolution
		Debug|Any CPU = Debug|Any CPU
		Release|Any CPU = Release|Any CPU
	EndGlobalSection
	GlobalSection(ProjectConfigurationPlatforms) = postSolution
		{2B10DC6C-7CC2-4315-96EF-F43F03D7254E}.Debug|Any CPU.ActiveCfg = Debug|Any CPU
		{2B10DC6C-7CC2-4315-96EF-F43F03D7254E}.Debug|Any CPU.Build.0 = Debug|Any CPU
		{2B10DC6C-7CC2-4315-96EF-F43F03D7254E}.Release|Any CPU.ActiveCfg = Release|Any CPU
		{2B10DC6C-7CC2-4315-96EF-F43F03D7254E}.Release|Any CPU.Build.0 = Release|Any CPU
	EndGlobalSection
	GlobalSection(SolutionProperties) = preSolution
		HideSolutionNode = FALSE
	EndGlobalSection
	GlobalSection(ExtensibilityGlobals) = postSolution
		SolutionGuid = {AA3C012D-97E3-4647-9A45-2E0B28CFF2DA}
	EndGlobalSection
EndGlobal
