
Microsoft Visual Studio Solution File, Format Version 12.00
# Visual Studio Version 17
VisualStudioVersion = 17.14.36109.1 d17.14
MinimumVisualStudioVersion = 10.0.40219.1
Project("{FAE04EC0-301F-11D3-BF4B-00C04F79EFBC}") = "Aula", "Aula\Aula.csproj", "{1E86D97F-8404-46B0-9F97-BCC8E86C10D8}"
EndProject
Global
	GlobalSection(SolutionConfigurationPlatforms) = preSolution
		Debug|Any CPU = Debug|Any CPU
		Release|Any CPU = Release|Any CPU
	EndGlobalSection
	GlobalSection(ProjectConfigurationPlatforms) = postSolution
		{1E86D97F-8404-46B0-9F97-BCC8E86C10D8}.Debug|Any CPU.ActiveCfg = Debug|Any CPU
		{1E86D97F-8404-46B0-9F97-BCC8E86C10D8}.Debug|Any CPU.Build.0 = Debug|Any CPU
		{1E86D97F-8404-46B0-9F97-BCC8E86C10D8}.Release|Any CPU.ActiveCfg = Release|Any CPU
		{1E86D97F-8404-46B0-9F97-BCC8E86C10D8}.Release|Any CPU.Build.0 = Release|Any CPU
	EndGlobalSection
	GlobalSection(SolutionProperties) = preSolution
		HideSolutionNode = FALSE
	EndGlobalSection
	GlobalSection(ExtensibilityGlobals) = postSolution
		SolutionGuid = {2DC818D5-1B20-405D-B888-C758D021F531}
	EndGlobalSection
EndGlobal
